lockfileVersion: '9.0'

settings:
  autoInstallPeers: true
  excludeLinksFromLockfile: false

overrides:
  crag: link:../crag

importers:

  .:
    dependencies:
      '@tanstack/react-query':
        specifier: ^5.83.0
        version: 5.83.0(react@19.1.0)
      crag:
        specifier: link:../crag
        version: link:../crag

packages:

  '@tanstack/query-core@5.83.0':
    resolution: {integrity: sha512-0M8dA+amXUkyz5cVUm/B+zSk3xkQAcuXuz5/Q/LveT4ots2rBpPTZOzd7yJa2Utsf8D2Upl5KyjhHRY+9lB/XA==}

  '@tanstack/react-query@5.83.0':
    resolution: {integrity: sha512-/XGYhZ3foc5H0VM2jLSD/NyBRIOK4q9kfeml4+0x2DlL6xVuAcVEW+hTlTapAmejObg0i3eNqhkr2dT+eciwoQ==}
    peerDependencies:
      react: ^18 || ^19

  react@19.1.0:
    resolution: {integrity: sha512-FS+XFBNvn3GTAWq26joslQgWNoFu08F4kl0J4CgdNKADkdSGXQyTCnKteIAJy96Br6YbpEU1LSzV5dYtjMkMDg==}
    engines: {node: '>=0.10.0'}

snapshots:

  '@tanstack/query-core@5.83.0': {}

  '@tanstack/react-query@5.83.0(react@19.1.0)':
    dependencies:
      '@tanstack/query-core': 5.83.0
      react: 19.1.0

  react@19.1.0: {}
